
Microsoft Visual Studio Solution File, Format Version 12.00
# Visual Studio Version 17
VisualStudioVersion = 17.4.33110.190
MinimumVisualStudioVersion = 10.0.40219.1
Project("{9A19103F-16F7-4668-BE54-9A1E7A4F7556}") = "Apoena.Tools.PasswordGenerator.Lambda", "src\Apoena.Tools.Lambda.PasswordGenerator\Apoena.Tools.PasswordGenerator.Lambda.csproj", "{AD17BCA4-464C-4A8C-A574-F8B6AB81C2F4}"
EndProject
Project("{2150E333-8FDC-42A3-9474-1A3956D46DE8}") = "SolutionItems", "SolutionItems", "{62145C0B-06FC-4E73-BD28-2285CF90E307}"
	ProjectSection(SolutionItems) = preProject
		gitignore.txt = gitignore.txt
		LICENSE = LICENSE
		README.md = README.md
	EndProjectSection
EndProject
Project("{2150E333-8FDC-42A3-9474-1A3956D46DE8}") = "Source", "Source", "{63A0B9DA-EDE5-44CA-B034-FC25044FE5E0}"
EndProject
Project("{2150E333-8FDC-42A3-9474-1A3956D46DE8}") = "Shared", "Shared", "{248DB019-5D8F-4E10-B847-DC822D881E56}"
EndProject
Project("{9A19103F-16F7-4668-BE54-9A1E7A4F7556}") = "Apoena.Tools.PasswordGenerator.Shared", "src\Apoena.Tools.PasswordGenerator.Shared\Apoena.Tools.PasswordGenerator.Shared.csproj", "{CFB6C9CF-4192-43DE-90CD-8437224F470F}"
EndProject
Project("{2150E333-8FDC-42A3-9474-1A3956D46DE8}") = "Core", "Core", "{69AB801B-8F23-4DA6-9203-EA7AC79A414F}"
EndProject
Project("{FAE04EC0-301F-11D3-BF4B-00C04F79EFBC}") = "Apoena.Tools.PasswordGenerator.Domain", "src\Apoena.Tools.PasswordGenerator.Domain\Apoena.Tools.PasswordGenerator.Domain.csproj", "{9094CB51-31C6-4F15-B494-6CBA4E6E966D}"
EndProject
Global
	GlobalSection(SolutionConfigurationPlatforms) = preSolution
		Debug|Any CPU = Debug|Any CPU
		Release|Any CPU = Release|Any CPU
	EndGlobalSection
	GlobalSection(ProjectConfigurationPlatforms) = postSolution
		{AD17BCA4-464C-4A8C-A574-F8B6AB81C2F4}.Debug|Any CPU.ActiveCfg = Debug|Any CPU
		{AD17BCA4-464C-4A8C-A574-F8B6AB81C2F4}.Debug|Any CPU.Build.0 = Debug|Any CPU
		{AD17BCA4-464C-4A8C-A574-F8B6AB81C2F4}.Release|Any CPU.ActiveCfg = Release|Any CPU
		{AD17BCA4-464C-4A8C-A574-F8B6AB81C2F4}.Release|Any CPU.Build.0 = Release|Any CPU
		{CFB6C9CF-4192-43DE-90CD-8437224F470F}.Debug|Any CPU.ActiveCfg = Debug|Any CPU
		{CFB6C9CF-4192-43DE-90CD-8437224F470F}.Debug|Any CPU.Build.0 = Debug|Any CPU
		{CFB6C9CF-4192-43DE-90CD-8437224F470F}.Release|Any CPU.ActiveCfg = Release|Any CPU
		{CFB6C9CF-4192-43DE-90CD-8437224F470F}.Release|Any CPU.Build.0 = Release|Any CPU
		{9094CB51-31C6-4F15-B494-6CBA4E6E966D}.Debug|Any CPU.ActiveCfg = Debug|Any CPU
		{9094CB51-31C6-4F15-B494-6CBA4E6E966D}.Debug|Any CPU.Build.0 = Debug|Any CPU
		{9094CB51-31C6-4F15-B494-6CBA4E6E966D}.Release|Any CPU.ActiveCfg = Release|Any CPU
		{9094CB51-31C6-4F15-B494-6CBA4E6E966D}.Release|Any CPU.Build.0 = Release|Any CPU
	EndGlobalSection
	GlobalSection(SolutionProperties) = preSolution
		HideSolutionNode = FALSE
	EndGlobalSection
	GlobalSection(NestedProjects) = preSolution
		{AD17BCA4-464C-4A8C-A574-F8B6AB81C2F4} = {63A0B9DA-EDE5-44CA-B034-FC25044FE5E0}
		{248DB019-5D8F-4E10-B847-DC822D881E56} = {63A0B9DA-EDE5-44CA-B034-FC25044FE5E0}
		{CFB6C9CF-4192-43DE-90CD-8437224F470F} = {248DB019-5D8F-4E10-B847-DC822D881E56}
		{69AB801B-8F23-4DA6-9203-EA7AC79A414F} = {63A0B9DA-EDE5-44CA-B034-FC25044FE5E0}
		{9094CB51-31C6-4F15-B494-6CBA4E6E966D} = {69AB801B-8F23-4DA6-9203-EA7AC79A414F}
	EndGlobalSection
	GlobalSection(ExtensibilityGlobals) = postSolution
		SolutionGuid = {AF2D87A5-5414-4722-AEA6-1726A5AB68C0}
	EndGlobalSection
EndGlobal
