
Microsoft Visual Studio Solution File, Format Version 12.00
# Visual Studio Version 17
VisualStudioVersion = 17.4.33110.190
MinimumVisualStudioVersion = 10.0.40219.1
Project("{9A19103F-16F7-4668-BE54-9A1E7A4F7556}") = "Apoena.Tools.PasswordGenerator.Lambda", "src\Apoena.Tools.Lambda.PasswordGenerator\Apoena.Tools.PasswordGenerator.Lambda.csproj", "{AD17BCA4-464C-4A8C-A574-F8B6AB81C2F4}"
EndProject
Project("{2150E333-8FDC-42A3-9474-1A3956D46DE8}") = "SolutionItems", "SolutionItems", "{62145C0B-06FC-4E73-BD28-2285CF90E307}"
	ProjectSection(SolutionItems) = preProject
		gitignore.txt = gitignore.txt
		LICENSE = LICENSE
		README.md = README.md
	EndProjectSection
EndProject
Global
	GlobalSection(SolutionConfigurationPlatforms) = preSolution
		Debug|Any CPU = Debug|Any CPU
		Release|Any CPU = Release|Any CPU
	EndGlobalSection
	GlobalSection(ProjectConfigurationPlatforms) = postSolution
		{AD17BCA4-464C-4A8C-A574-F8B6AB81C2F4}.Debug|Any CPU.ActiveCfg = Debug|Any CPU
		{AD17BCA4-464C-4A8C-A574-F8B6AB81C2F4}.Debug|Any CPU.Build.0 = Debug|Any CPU
		{AD17BCA4-464C-4A8C-A574-F8B6AB81C2F4}.Release|Any CPU.ActiveCfg = Release|Any CPU
		{AD17BCA4-464C-4A8C-A574-F8B6AB81C2F4}.Release|Any CPU.Build.0 = Release|Any CPU
	EndGlobalSection
	GlobalSection(SolutionProperties) = preSolution
		HideSolutionNode = FALSE
	EndGlobalSection
	GlobalSection(ExtensibilityGlobals) = postSolution
		SolutionGuid = {AF2D87A5-5414-4722-AEA6-1726A5AB68C0}
	EndGlobalSection
EndGlobal
